// !$*UTF8*$!
{
	archiveVersion = 1;
	classes = {
	};
	objectVersion = 46;
	objects = {

/* Begin PBXBuildFile section */
		8CCCB31719771759004A21A2 /* Foundation.framework in Frameworks */ = {isa = PBXBuildFile; fileRef = 8CCCB31619771759004A21A2 /* Foundation.framework */; };
		8CCCB31919771759004A21A2 /* CoreGraphics.framework in Frameworks */ = {isa = PBXBuildFile; fileRef = 8CCCB31819771759004A21A2 /* CoreGraphics.framework */; };
		8CCCB31B19771759004A21A2 /* UIKit.framework in Frameworks */ = {isa = PBXBuildFile; fileRef = 8CCCB31A19771759004A21A2 /* UIKit.framework */; };
		8CCCB32119771759004A21A2 /* InfoPlist.strings in Resources */ = {isa = PBXBuildFile; fileRef = 8CCCB31F19771759004A21A2 /* InfoPlist.strings */; };
		8CCCB32319771759004A21A2 /* main.m in Sources */ = {isa = PBXBuildFile; fileRef = 8CCCB32219771759004A21A2 /* main.m */; };
		8CCCB32719771759004A21A2 /* AppDelegate.m in Sources */ = {isa = PBXBuildFile; fileRef = 8CCCB32619771759004A21A2 /* AppDelegate.m */; };
		8CCCB32919771759004A21A2 /* Images.xcassets in Resources */ = {isa = PBXBuildFile; fileRef = 8CCCB32819771759004A21A2 /* Images.xcassets */; };
		8CCCB33019771759004A21A2 /* XCTest.framework in Frameworks */ = {isa = PBXBuildFile; fileRef = 8CCCB32F19771759004A21A2 /* XCTest.framework */; };
		8CCCB33119771759004A21A2 /* Foundation.framework in Frameworks */ = {isa = PBXBuildFile; fileRef = 8CCCB31619771759004A21A2 /* Foundation.framework */; };
		8CCCB33219771759004A21A2 /* UIKit.framework in Frameworks */ = {isa = PBXBuildFile; fileRef = 8CCCB31A19771759004A21A2 /* UIKit.framework */; };
		8CCCB33A19771759004A21A2 /* InfoPlist.strings in Resources */ = {isa = PBXBuildFile; fileRef = 8CCCB33819771759004A21A2 /* InfoPlist.strings */; };
		8CCCB33C19771759004A21A2 /* TestAppTests.m in Sources */ = {isa = PBXBuildFile; fileRef = 8CCCB33B19771759004A21A2 /* TestAppTests.m */; };
/* End PBXBuildFile section */

/* Begin PBXContainerItemProxy section */
		8CCCB33319771759004A21A2 /* PBXContainerItemProxy */ = {
			isa = PBXContainerItemProxy;
			containerPortal = 8CCCB30B19771759004A21A2 /* Project object */;
			proxyType = 1;
			remoteGlobalIDString = 8CCCB31219771759004A21A2;
			remoteInfo = TestApp;
		};
/* End PBXContainerItemProxy section */

/* Begin PBXFileReference section */
		8CCCB31319771759004A21A2 /* TestApp.app */ = {isa = PBXFileReference; explicitFileType = wrapper.application; includeInIndex = 0; path = TestApp.app; sourceTree = BUILT_PRODUCTS_DIR; };
		8CCCB31619771759004A21A2 /* Foundation.framework */ = {isa = PBXFileReference; lastKnownFileType = wrapper.framework; name = Foundation.framework; path = System/Library/Frameworks/Foundation.framework; sourceTree = SDKROOT; };
		8CCCB31819771759004A21A2 /* CoreGraphics.framework */ = {isa = PBXFileReference; lastKnownFileType = wrapper.framework; name = CoreGraphics.framework; path = System/Library/Frameworks/CoreGraphics.framework; sourceTree = SDKROOT; };
		8CCCB31A19771759004A21A2 /* UIKit.framework */ = {isa = PBXFileReference; lastKnownFileType = wrapper.framework; name = UIKit.framework; path = System/Library/Frameworks/UIKit.framework; sourceTree = SDKROOT; };
		8CCCB31E19771759004A21A2 /* TestApp-Info.plist */ = {isa = PBXFileReference; lastKnownFileType = text.plist.xml; path = "TestApp-Info.plist"; sourceTree = "<group>"; };
		8CCCB32019771759004A21A2 /* en */ = {isa = PBXFileReference; lastKnownFileType = text.plist.strings; name = en; path = en.lproj/InfoPlist.strings; sourceTree = "<group>"; };
		8CCCB32219771759004A21A2 /* main.m */ = {isa = PBXFileReference; lastKnownFileType = sourcecode.c.objc; path = main.m; sourceTree = "<group>"; };
		8CCCB32419771759004A21A2 /* TestApp-Prefix.pch */ = {isa = PBXFileReference; lastKnownFileType = sourcecode.c.h; path = "TestApp-Prefix.pch"; sourceTree = "<group>"; };
		8CCCB32519771759004A21A2 /* AppDelegate.h */ = {isa = PBXFileReference; lastKnownFileType = sourcecode.c.h; path = AppDelegate.h; sourceTree = "<group>"; };
		8CCCB32619771759004A21A2 /* AppDelegate.m */ = {isa = PBXFileReference; lastKnownFileType = sourcecode.c.objc; path = AppDelegate.m; sourceTree = "<group>"; };
		8CCCB32819771759004A21A2 /* Images.xcassets */ = {isa = PBXFileReference; lastKnownFileType = folder.assetcatalog; path = Images.xcassets; sourceTree = "<group>"; };
		8CCCB32E19771759004A21A2 /* TestAppTests.xctest */ = {isa = PBXFileReference; explicitFileType = wrapper.cfbundle; includeInIndex = 0; path = TestAppTests.xctest; sourceTree = BUILT_PRODUCTS_DIR; };
		8CCCB32F19771759004A21A2 /* XCTest.framework */ = {isa = PBXFileReference; lastKnownFileType = wrapper.framework; name = XCTest.framework; path = Library/Frameworks/XCTest.framework; sourceTree = DEVELOPER_DIR; };
		8CCCB33719771759004A21A2 /* TestAppTests-Info.plist */ = {isa = PBXFileReference; lastKnownFileType = text.plist.xml; path = "TestAppTests-Info.plist"; sourceTree = "<group>"; };
		8CCCB33919771759004A21A2 /* en */ = {isa = PBXFileReference; lastKnownFileType = text.plist.strings; name = en; path = en.lproj/InfoPlist.strings; sourceTree = "<group>"; };
		8CCCB33B19771759004A21A2 /* TestAppTests.m */ = {isa = PBXFileReference; lastKnownFileType = sourcecode.c.objc; path = TestAppTests.m; sourceTree = "<group>"; };
/* End PBXFileReference section */

/* Begin PBXFrameworksBuildPhase section */
		8CCCB31019771759004A21A2 /* Frameworks */ = {
			isa = PBXFrameworksBuildPhase;
			buildActionMask = 2147483647;
			files = (
				8CCCB31919771759004A21A2 /* CoreGraphics.framework in Frameworks */,
				8CCCB31B19771759004A21A2 /* UIKit.framework in Frameworks */,
				8CCCB31719771759004A21A2 /* Foundation.framework in Frameworks */,
			);
			runOnlyForDeploymentPostprocessing = 0;
		};
		8CCCB32B19771759004A21A2 /* Frameworks */ = {
			isa = PBXFrameworksBuildPhase;
			buildActionMask = 2147483647;
			files = (
				8CCCB33019771759004A21A2 /* XCTest.framework in Frameworks */,
				8CCCB33219771759004A21A2 /* UIKit.framework in Frameworks */,
				8CCCB33119771759004A21A2 /* Foundation.framework in Frameworks */,
			);
			runOnlyForDeploymentPostprocessing = 0;
		};
/* End PBXFrameworksBuildPhase section */

/* Begin PBXGroup section */
		8CCCB30A19771759004A21A2 = {
			isa = PBXGroup;
			children = (
				8CCCB31C19771759004A21A2 /* TestApp */,
				8CCCB33519771759004A21A2 /* TestAppTests */,
				8CCCB31519771759004A21A2 /* Frameworks */,
				8CCCB31419771759004A21A2 /* Products */,
			);
			sourceTree = "<group>";
		};
		8CCCB31419771759004A21A2 /* Products */ = {
			isa = PBXGroup;
			children = (
				8CCCB31319771759004A21A2 /* TestApp.app */,
				8CCCB32E19771759004A21A2 /* TestAppTests.xctest */,
			);
			name = Products;
			sourceTree = "<group>";
		};
		8CCCB31519771759004A21A2 /* Frameworks */ = {
			isa = PBXGroup;
			children = (
				8CCCB31619771759004A21A2 /* Foundation.framework */,
				8CCCB31819771759004A21A2 /* CoreGraphics.framework */,
				8CCCB31A19771759004A21A2 /* UIKit.framework */,
				8CCCB32F19771759004A21A2 /* XCTest.framework */,
			);
			name = Frameworks;
			sourceTree = "<group>";
		};
		8CCCB31C19771759004A21A2 /* TestApp */ = {
			isa = PBXGroup;
			children = (
				8CCCB32519771759004A21A2 /* AppDelegate.h */,
				8CCCB32619771759004A21A2 /* AppDelegate.m */,
				8CCCB32819771759004A21A2 /* Images.xcassets */,
				8CCCB31D19771759004A21A2 /* Supporting Files */,
			);
			path = TestApp;
			sourceTree = "<group>";
		};
		8CCCB31D19771759004A21A2 /* Supporting Files */ = {
			isa = PBXGroup;
			children = (
				8CCCB31E19771759004A21A2 /* TestApp-Info.plist */,
				8CCCB31F19771759004A21A2 /* InfoPlist.strings */,
				8CCCB32219771759004A21A2 /* main.m */,
				8CCCB32419771759004A21A2 /* TestApp-Prefix.pch */,
			);
			name = "Supporting Files";
			sourceTree = "<group>";
		};
		8CCCB33519771759004A21A2 /* TestAppTests */ = {
			isa = PBXGroup;
			children = (
				8CCCB33B19771759004A21A2 /* TestAppTests.m */,
				8CCCB33619771759004A21A2 /* Supporting Files */,
			);
			path = TestAppTests;
			sourceTree = "<group>";
		};
		8CCCB33619771759004A21A2 /* Supporting Files */ = {
			isa = PBXGroup;
			children = (
				8CCCB33719771759004A21A2 /* TestAppTests-Info.plist */,
				8CCCB33819771759004A21A2 /* InfoPlist.strings */,
			);
			name = "Supporting Files";
			sourceTree = "<group>";
		};
/* End PBXGroup section */

/* Begin PBXNativeTarget section */
		8CCCB31219771759004A21A2 /* TestApp */ = {
			isa = PBXNativeTarget;
			buildConfigurationList = 8CCCB33F19771759004A21A2 /* Build configuration list for PBXNativeTarget "TestApp" */;
			buildPhases = (
				8CCCB30F19771759004A21A2 /* Sources */,
				8CCCB31019771759004A21A2 /* Frameworks */,
				8CCCB31119771759004A21A2 /* Resources */,
			);
			buildRules = (
			);
			dependencies = (
			);
			name = TestApp;
			productName = TestApp;
			productReference = 8CCCB31319771759004A21A2 /* TestApp.app */;
			productType = "com.apple.product-type.application";
		};
		8CCCB32D19771759004A21A2 /* TestAppTests */ = {
			isa = PBXNativeTarget;
			buildConfigurationList = 8CCCB34219771759004A21A2 /* Build configuration list for PBXNativeTarget "TestAppTests" */;
			buildPhases = (
				8CCCB32A19771759004A21A2 /* Sources */,
				8CCCB32B19771759004A21A2 /* Frameworks */,
				8CCCB32C19771759004A21A2 /* Resources */,
			);
			buildRules = (
			);
			dependencies = (
				8CCCB33419771759004A21A2 /* PBXTargetDependency */,
			);
			name = TestAppTests;
			productName = TestAppTests;
			productReference = 8CCCB32E19771759004A21A2 /* TestAppTests.xctest */;
			productType = "com.apple.product-type.bundle.unit-test";
		};
/* End PBXNativeTarget section */

/* Begin PBXProject section */
		8CCCB30B19771759004A21A2 /* Project object */ = {
			isa = PBXProject;
			attributes = {
				LastUpgradeCheck = 0510;
				TargetAttributes = {
					8CCCB32D19771759004A21A2 = {
						TestTargetID = 8CCCB31219771759004A21A2;
					};
				};
			};
			buildConfigurationList = 8CCCB30E19771759004A21A2 /* Build configuration list for PBXProject "TestApp" */;
			compatibilityVersion = "Xcode 3.2";
			developmentRegion = English;
			hasScannedForEncodings = 0;
			knownRegions = (
				en,
			);
			mainGroup = 8CCCB30A19771759004A21A2;
			productRefGroup = 8CCCB31419771759004A21A2 /* Products */;
			projectDirPath = "";
			projectRoot = "";
			targets = (
				8CCCB31219771759004A21A2 /* TestApp */,
				8CCCB32D19771759004A21A2 /* TestAppTests */,
			);
		};
/* End PBXProject section */

/* Begin PBXResourcesBuildPhase section */
		8CCCB31119771759004A21A2 /* Resources */ = {
			isa = PBXResourcesBuildPhase;
			buildActionMask = 2147483647;
			files = (
				8CCCB32119771759004A21A2 /* InfoPlist.strings in Resources */,
				8CCCB32919771759004A21A2 /* Images.xcassets in Resources */,
			);
			runOnlyForDeploymentPostprocessing = 0;
		};
		8CCCB32C19771759004A21A2 /* Resources */ = {
			isa = PBXResourcesBuildPhase;
			buildActionMask = 2147483647;
			files = (
				8CCCB33A19771759004A21A2 /* InfoPlist.strings in Resources */,
			);
			runOnlyForDeploymentPostprocessing = 0;
		};
/* End PBXResourcesBuildPhase section */

/* Begin PBXSourcesBuildPhase section */
		8CCCB30F19771759004A21A2 /* Sources */ = {
			isa = PBXSourcesBuildPhase;
			buildActionMask = 2147483647;
			files = (
				8CCCB32719771759004A21A2 /* AppDelegate.m in Sources */,
				8CCCB32319771759004A21A2 /* main.m in Sources */,
			);
			runOnlyForDeploymentPostprocessing = 0;
		};
		8CCCB32A19771759004A21A2 /* Sources */ = {
			isa = PBXSourcesBuildPhase;
			buildActionMask = 2147483647;
			files = (
				8CCCB33C19771759004A21A2 /* TestAppTests.m in Sources */,
			);
			runOnlyForDeploymentPostprocessing = 0;
		};
/* End PBXSourcesBuildPhase section */

/* Begin PBXTargetDependency section */
		8CCCB33419771759004A21A2 /* PBXTargetDependency */ = {
			isa = PBXTargetDependency;
			target = 8CCCB31219771759004A21A2 /* TestApp */;
			targetProxy = 8CCCB33319771759004A21A2 /* PBXContainerItemProxy */;
		};
/* End PBXTargetDependency section */

/* Begin PBXVariantGroup section */
		8CCCB31F19771759004A21A2 /* InfoPlist.strings */ = {
			isa = PBXVariantGroup;
			children = (
				8CCCB32019771759004A21A2 /* en */,
			);
			name = InfoPlist.strings;
			sourceTree = "<group>";
		};
		8CCCB33819771759004A21A2 /* InfoPlist.strings */ = {
			isa = PBXVariantGroup;
			children = (
				8CCCB33919771759004A21A2 /* en */,
			);
			name = InfoPlist.strings;
			sourceTree = "<group>";
		};
/* End PBXVariantGroup section */

/* Begin XCBuildConfiguration section */
		8CCCB33D19771759004A21A2 /* Debug */ = {
			isa = XCBuildConfiguration;
			buildSettings = {
				ALWAYS_SEARCH_USER_PATHS = NO;
				CLANG_CXX_LANGUAGE_STANDARD = "gnu++0x";
				CLANG_CXX_LIBRARY = "libc++";
				CLANG_ENABLE_MODULES = YES;
				CLANG_ENABLE_OBJC_ARC = YES;
				CLANG_WARN_BOOL_CONVERSION = YES;
				CLANG_WARN_CONSTANT_CONVERSION = YES;
				CLANG_WARN_DIRECT_OBJC_ISA_USAGE = YES_ERROR;
				CLANG_WARN_EMPTY_BODY = YES;
				CLANG_WARN_ENUM_CONVERSION = YES;
				CLANG_WARN_INT_CONVERSION = YES;
				CLANG_WARN_OBJC_ROOT_CLASS = YES_ERROR;
				CLANG_WARN__DUPLICATE_METHOD_MATCH = YES;
				"CODE_SIGN_IDENTITY[sdk=iphoneos*]" = "iPhone Developer";
				COPY_PHASE_STRIP = NO;
				GCC_C_LANGUAGE_STANDARD = gnu99;
				GCC_DYNAMIC_NO_PIC = NO;
				GCC_OPTIMIZATION_LEVEL = 0;
				GCC_PREPROCESSOR_DEFINITIONS = (
					"DEBUG=1",
					"$(inherited)",
				);
				GCC_SYMBOLS_PRIVATE_EXTERN = NO;
				GCC_WARN_64_TO_32_BIT_CONVERSION = YES;
				GCC_WARN_ABOUT_RETURN_TYPE = YES_ERROR;
				GCC_WARN_UNDECLARED_SELECTOR = YES;
				GCC_WARN_UNINITIALIZED_AUTOS = YES_AGGRESSIVE;
				GCC_WARN_UNUSED_FUNCTION = YES;
				GCC_WARN_UNUSED_VARIABLE = YES;
				IPHONEOS_DEPLOYMENT_TARGET = 7.1;
				ONLY_ACTIVE_ARCH = YES;
				SDKROOT = iphoneos;
			};
			name = Debug;
		};
		8CCCB33E19771759004A21A2 /* Release */ = {
			isa = XCBuildConfiguration;
			buildSettings = {
				ALWAYS_SEARCH_USER_PATHS = NO;
				CLANG_CXX_LANGUAGE_STANDARD = "gnu++0x";
				CLANG_CXX_LIBRARY = "libc++";
				CLANG_ENABLE_MODULES = YES;
				CLANG_ENABLE_OBJC_ARC = YES;
				CLANG_WARN_BOOL_CONVERSION = YES;
				CLANG_WARN_CONSTANT_CONVERSION = YES;
				CLANG_WARN_DIRECT_OBJC_ISA_USAGE = YES_ERROR;
				CLANG_WARN_EMPTY_BODY = YES;
				CLANG_WARN_ENUM_CONVERSION = YES;
				CLANG_WARN_INT_CONVERSION = YES;
				CLANG_WARN_OBJC_ROOT_CLASS = YES_ERROR;
				CLANG_WARN__DUPLICATE_METHOD_MATCH = YES;
				"CODE_SIGN_IDENTITY[sdk=iphoneos*]" = "iPhone Developer";
				COPY_PHASE_STRIP = YES;
				ENABLE_NS_ASSERTIONS = NO;
				GCC_C_LANGUAGE_STANDARD = gnu99;
				GCC_WARN_64_TO_32_BIT_CONVERSION = YES;
				GCC_WARN_ABOUT_RETURN_TYPE = YES_ERROR;
				GCC_WARN_UNDECLARED_SELECTOR = YES;
				GCC_WARN_UNINITIALIZED_AUTOS = YES_AGGRESSIVE;
				GCC_WARN_UNUSED_FUNCTION = YES;
				GCC_WARN_UNUSED_VARIABLE = YES;
				IPHONEOS_DEPLOYMENT_TARGET = 7.1;
				SDKROOT = iphoneos;
				VALIDATE_PRODUCT = YES;
			};
			name = Release;
		};
		8CCCB34019771759004A21A2 /* Debug */ = {
			isa = XCBuildConfiguration;
			buildSettings = {
				ASSETCATALOG_COMPILER_APPICON_NAME = AppIcon;
				ASSETCATALOG_COMPILER_LAUNCHIMAGE_NAME = LaunchImage;
				GCC_PRECOMPILE_PREFIX_HEADER = YES;
				GCC_PREFIX_HEADER = "TestApp/TestApp-Prefix.pch";
				INFOPLIST_FILE = "TestApp/TestApp-Info.plist";
				PRODUCT_NAME = "$(TARGET_NAME)";
				WRAPPER_EXTENSION = app;
			};
			name = Debug;
		};
		8CCCB34119771759004A21A2 /* Release */ = {
			isa = XCBuildConfiguration;
			buildSettings = {
				ASSETCATALOG_COMPILER_APPICON_NAME = AppIcon;
				ASSETCATALOG_COMPILER_LAUNCHIMAGE_NAME = LaunchImage;
				GCC_PRECOMPILE_PREFIX_HEADER = YES;
				GCC_PREFIX_HEADER = "TestApp/TestApp-Prefix.pch";
				INFOPLIST_FILE = "TestApp/TestApp-Info.plist";
				PRODUCT_NAME = "$(TARGET_NAME)";
				WRAPPER_EXTENSION = app;
			};
			name = Release;
		};
		8CCCB34319771759004A21A2 /* Debug */ = {
			isa = XCBuildConfiguration;
			buildSettings = {
				BUNDLE_LOADER = "$(BUILT_PRODUCTS_DIR)/TestApp.app/TestApp";
				FRAMEWORK_SEARCH_PATHS = (
					"$(SDKROOT)/Developer/Library/Frameworks",
					"$(inherited)",
					"$(DEVELOPER_FRAMEWORKS_DIR)",
				);
				GCC_PRECOMPILE_PREFIX_HEADER = YES;
				GCC_PREFIX_HEADER = "TestApp/TestApp-Prefix.pch";
				GCC_PREPROCESSOR_DEFINITIONS = (
					"DEBUG=1",
					"$(inherited)",
				);
				INFOPLIST_FILE = "TestAppTests/TestAppTests-Info.plist";
				PRODUCT_NAME = "$(TARGET_NAME)";
				TEST_HOST = "$(BUNDLE_LOADER)";
				WRAPPER_EXTENSION = xctest;
			};
			name = Debug;
		};
		8CCCB34419771759004A21A2 /* Release */ = {
			isa = XCBuildConfiguration;
			buildSettings = {
				BUNDLE_LOADER = "$(BUILT_PRODUCTS_DIR)/TestApp.app/TestApp";
				FRAMEWORK_SEARCH_PATHS = (
					"$(SDKROOT)/Developer/Library/Frameworks",
					"$(inherited)",
					"$(DEVELOPER_FRAMEWORKS_DIR)",
				);
				GCC_PRECOMPILE_PREFIX_HEADER = YES;
				GCC_PREFIX_HEADER = "TestApp/TestApp-Prefix.pch";
				INFOPLIST_FILE = "TestAppTests/TestAppTests-Info.plist";
				PRODUCT_NAME = "$(TARGET_NAME)";
				TEST_HOST = "$(BUNDLE_LOADER)";
				WRAPPER_EXTENSION = xctest;
			};
			name = Release;
		};
/* End XCBuildConfiguration section */

/* Begin XCConfigurationList section */
		8CCCB30E19771759004A21A2 /* Build configuration list for PBXProject "TestApp" */ = {
			isa = XCConfigurationList;
			buildConfigurations = (
				8CCCB33D19771759004A21A2 /* Debug */,
				8CCCB33E19771759004A21A2 /* Release */,
			);
			defaultConfigurationIsVisible = 0;
			defaultConfigurationName = Release;
		};
		8CCCB33F19771759004A21A2 /* Build configuration list for PBXNativeTarget "TestApp" */ = {
			isa = XCConfigurationList;
			buildConfigurations = (
				8CCCB34019771759004A21A2 /* Debug */,
				8CCCB34119771759004A21A2 /* Release */,
			);
			defaultConfigurationIsVisible = 0;
		};
		8CCCB34219771759004A21A2 /* Build configuration list for PBXNativeTarget "TestAppTests" */ = {
			isa = XCConfigurationList;
			buildConfigurations = (
				8CCCB34319771759004A21A2 /* Debug */,
				8CCCB34419771759004A21A2 /* Release */,
			);
			defaultConfigurationIsVisible = 0;
		};
/* End XCConfigurationList section */
	};
	rootObject = 8CCCB30B19771759004A21A2 /* Project object */;
}
